
Microsoft Visual Studio Solution File, Format Version 12.00
# Visual Studio Version 17
VisualStudioVersion = 17.14.36429.23
MinimumVisualStudioVersion = 10.0.40219.1
Project("{FAE04EC0-301F-11D3-BF4B-00C04F79EFBC}") = "Project_libs", "Project_libs\Project_libs.csproj", "{52AD8697-1EB3-46DE-9C8A-E7CD3415B625}"
EndProject
Project("{FAE04EC0-301F-11D3-BF4B-00C04F79EFBC}") = "GUI", "GUI\GUI.csproj", "{1A3C53CD-785E-480F-BF41-069E3E846663}"
EndProject
Project("{FAE04EC0-301F-11D3-BF4B-00C04F79EFBC}") = "Console1", "Console1\Console1.csproj", "{C3AABDE7-0F8B-4795-A8E7-FAF8779C6540}"
EndProject
Global
	GlobalSection(SolutionConfigurationPlatforms) = preSolution
		Debug|Any CPU = Debug|Any CPU
		Release|Any CPU = Release|Any CPU
	EndGlobalSection
	GlobalSection(ProjectConfigurationPlatforms) = postSolution
		{52AD8697-1EB3-46DE-9C8A-E7CD3415B625}.Debug|Any CPU.ActiveCfg = Debug|Any CPU
		{52AD8697-1EB3-46DE-9C8A-E7CD3415B625}.Debug|Any CPU.Build.0 = Debug|Any CPU
		{52AD8697-1EB3-46DE-9C8A-E7CD3415B625}.Release|Any CPU.ActiveCfg = Release|Any CPU
		{52AD8697-1EB3-46DE-9C8A-E7CD3415B625}.Release|Any CPU.Build.0 = Release|Any CPU
		{1A3C53CD-785E-480F-BF41-069E3E846663}.Debug|Any CPU.ActiveCfg = Debug|Any CPU
		{1A3C53CD-785E-480F-BF41-069E3E846663}.Debug|Any CPU.Build.0 = Debug|Any CPU
		{1A3C53CD-785E-480F-BF41-069E3E846663}.Release|Any CPU.ActiveCfg = Release|Any CPU
		{1A3C53CD-785E-480F-BF41-069E3E846663}.Release|Any CPU.Build.0 = Release|Any CPU
		{C3AABDE7-0F8B-4795-A8E7-FAF8779C6540}.Debug|Any CPU.ActiveCfg = Debug|Any CPU
		{C3AABDE7-0F8B-4795-A8E7-FAF8779C6540}.Debug|Any CPU.Build.0 = Debug|Any CPU
		{C3AABDE7-0F8B-4795-A8E7-FAF8779C6540}.Release|Any CPU.ActiveCfg = Release|Any CPU
		{C3AABDE7-0F8B-4795-A8E7-FAF8779C6540}.Release|Any CPU.Build.0 = Release|Any CPU
	EndGlobalSection
	GlobalSection(SolutionProperties) = preSolution
		HideSolutionNode = FALSE
	EndGlobalSection
	GlobalSection(ExtensibilityGlobals) = postSolution
		SolutionGuid = {15EF325A-E941-4D30-8E98-ECA218266268}
	EndGlobalSection
EndGlobal
